
Microsoft Visual Studio Solution File, Format Version 12.00
# Visual Studio Version 16
VisualStudioVersion = 16.0.31702.278
MinimumVisualStudioVersion = 10.0.40219.1
Project("{FAE04EC0-301F-11D3-BF4B-00C04F79EFBC}") = "ShopRUs.Api", "ShopRUs.Api\ShopRUs.Api.csproj", "{E7C24507-CD44-4A05-BB16-E37794AF22C4}"
EndProject
Project("{FAE04EC0-301F-11D3-BF4B-00C04F79EFBC}") = "ShopRUs.Core", "ShopRUs.Core\ShopRUs.Core.csproj", "{860E92A6-7724-496C-9FA1-EDDAAC3C4961}"
EndProject
Project("{FAE04EC0-301F-11D3-BF4B-00C04F79EFBC}") = "ShopRUs.Test", "ShopRUs.Test\ShopRUs.Test.csproj", "{5FC9A514-25FE-44FA-8C41-7751BE0737B1}"
EndProject
Global
	GlobalSection(SolutionConfigurationPlatforms) = preSolution
		Debug|Any CPU = Debug|Any CPU
		Release|Any CPU = Release|Any CPU
	EndGlobalSection
	GlobalSection(ProjectConfigurationPlatforms) = postSolution
		{E7C24507-CD44-4A05-BB16-E37794AF22C4}.Debug|Any CPU.ActiveCfg = Debug|Any CPU
		{E7C24507-CD44-4A05-BB16-E37794AF22C4}.Debug|Any CPU.Build.0 = Debug|Any CPU
		{E7C24507-CD44-4A05-BB16-E37794AF22C4}.Release|Any CPU.ActiveCfg = Release|Any CPU
		{E7C24507-CD44-4A05-BB16-E37794AF22C4}.Release|Any CPU.Build.0 = Release|Any CPU
		{860E92A6-7724-496C-9FA1-EDDAAC3C4961}.Debug|Any CPU.ActiveCfg = Debug|Any CPU
		{860E92A6-7724-496C-9FA1-EDDAAC3C4961}.Debug|Any CPU.Build.0 = Debug|Any CPU
		{860E92A6-7724-496C-9FA1-EDDAAC3C4961}.Release|Any CPU.ActiveCfg = Release|Any CPU
		{860E92A6-7724-496C-9FA1-EDDAAC3C4961}.Release|Any CPU.Build.0 = Release|Any CPU
		{5FC9A514-25FE-44FA-8C41-7751BE0737B1}.Debug|Any CPU.ActiveCfg = Debug|Any CPU
		{5FC9A514-25FE-44FA-8C41-7751BE0737B1}.Debug|Any CPU.Build.0 = Debug|Any CPU
		{5FC9A514-25FE-44FA-8C41-7751BE0737B1}.Release|Any CPU.ActiveCfg = Release|Any CPU
		{5FC9A514-25FE-44FA-8C41-7751BE0737B1}.Release|Any CPU.Build.0 = Release|Any CPU
	EndGlobalSection
	GlobalSection(SolutionProperties) = preSolution
		HideSolutionNode = FALSE
	EndGlobalSection
	GlobalSection(ExtensibilityGlobals) = postSolution
		SolutionGuid = {74F1C21A-C7AC-4148-801C-8E163A5513B8}
	EndGlobalSection
EndGlobal
